{
  "nodes": {
    "nixpkgs": {
      "locked": {
        "lastModified": 1726590405,
        "narHash": "sha256-mDxHh5vQyBTjNKkp+l1/WL6cEDOjxyEQxv2c+dnw8Fg=",
        "owner": "NixOS",
        "repo": "nixpkgs",
        "rev": "513193ba87b70f4d4e4d892f43fac30af286861b",
        "type": "github"
      },
      "original": {
        "id": "nixpkgs",
        "ref": "nixos-unstable-small",
        "type": "indirect"
      }
    },
    "root": {
      "inputs": {
        "nixpkgs": "nixpkgs"
      }
    }
  },
  "root": "root",
  "version": 7
}
